
Microsoft Visual Studio Solution File, Format Version 12.00
# Visual Studio Version 16
VisualStudioVersion = 16.0.32106.194
MinimumVisualStudioVersion = 10.0.40219.1
Project("{888888A0-9F3D-457C-B088-3A5042F75D52}") = "Projekt 11", "Projekt 11\Projekt 11.pyproj", "{5A565E85-704D-4E95-877B-72FF6EDB3EDE}"
EndProject
Global
	GlobalSection(SolutionConfigurationPlatforms) = preSolution
		Debug|Any CPU = Debug|Any CPU
		Release|Any CPU = Release|Any CPU
	EndGlobalSection
	GlobalSection(ProjectConfigurationPlatforms) = postSolution
		{5A565E85-704D-4E95-877B-72FF6EDB3EDE}.Debug|Any CPU.ActiveCfg = Debug|Any CPU
		{5A565E85-704D-4E95-877B-72FF6EDB3EDE}.Release|Any CPU.ActiveCfg = Release|Any CPU
	EndGlobalSection
	GlobalSection(SolutionProperties) = preSolution
		HideSolutionNode = FALSE
	EndGlobalSection
	GlobalSection(ExtensibilityGlobals) = postSolution
		SolutionGuid = {9883917A-BF66-459C-A44C-50EBC74A3CAA}
	EndGlobalSection
EndGlobal
