
Microsoft Visual Studio Solution File, Format Version 12.00
# Visual Studio Version 16
VisualStudioVersion = 16.0.31911.196
MinimumVisualStudioVersion = 10.0.40219.1
Project("{888888A0-9F3D-457C-B088-3A5042F75D52}") = "Projekt 6", "Projekt 6\Projekt 6.pyproj", "{031AEE40-D59C-45B8-93AA-1DE9F7818567}"
EndProject
Global
	GlobalSection(SolutionConfigurationPlatforms) = preSolution
		Debug|Any CPU = Debug|Any CPU
		Release|Any CPU = Release|Any CPU
	EndGlobalSection
	GlobalSection(ProjectConfigurationPlatforms) = postSolution
		{031AEE40-D59C-45B8-93AA-1DE9F7818567}.Debug|Any CPU.ActiveCfg = Debug|Any CPU
		{031AEE40-D59C-45B8-93AA-1DE9F7818567}.Release|Any CPU.ActiveCfg = Release|Any CPU
	EndGlobalSection
	GlobalSection(SolutionProperties) = preSolution
		HideSolutionNode = FALSE
	EndGlobalSection
	GlobalSection(ExtensibilityGlobals) = postSolution
		SolutionGuid = {E442776B-863D-4928-AE08-6B02D0F5FD4F}
	EndGlobalSection
EndGlobal
