
Microsoft Visual Studio Solution File, Format Version 12.00
# Visual Studio Version 16
VisualStudioVersion = 16.0.32106.194
MinimumVisualStudioVersion = 10.0.40219.1
Project("{888888A0-9F3D-457C-B088-3A5042F75D52}") = "Projekt 10", "Projekt 10\Projekt 10.pyproj", "{5561C6AB-5E03-4131-A594-3091AEB03CF4}"
EndProject
Global
	GlobalSection(SolutionConfigurationPlatforms) = preSolution
		Debug|Any CPU = Debug|Any CPU
		Release|Any CPU = Release|Any CPU
	EndGlobalSection
	GlobalSection(ProjectConfigurationPlatforms) = postSolution
		{5561C6AB-5E03-4131-A594-3091AEB03CF4}.Debug|Any CPU.ActiveCfg = Debug|Any CPU
		{5561C6AB-5E03-4131-A594-3091AEB03CF4}.Release|Any CPU.ActiveCfg = Release|Any CPU
	EndGlobalSection
	GlobalSection(SolutionProperties) = preSolution
		HideSolutionNode = FALSE
	EndGlobalSection
	GlobalSection(ExtensibilityGlobals) = postSolution
		SolutionGuid = {D5B3DE41-CD18-4DDA-8E89-B346DEBB94D2}
	EndGlobalSection
EndGlobal
